// !$*UTF8*$!
{
	archiveVersion = 1;
	classes = {
	};
	objectVersion = 48;
	objects = {

/* Begin PBXBuildFile section */
		C722F4DA20196EDF00F080AA /* AppDelegate.swift in Sources */ = {isa = PBXBuildFile; fileRef = C722F4D920196EDF00F080AA /* AppDelegate.swift */; };
		C722F4DC20196EDF00F080AA /* ViewController.swift in Sources */ = {isa = PBXBuildFile; fileRef = C722F4DB20196EDF00F080AA /* ViewController.swift */; };
		C722F4DF20196EDF00F080AA /* Main.storyboard in Resources */ = {isa = PBXBuildFile; fileRef = C722F4DD20196EDF00F080AA /* Main.storyboard */; };
		C722F4E420196EDF00F080AA /* LaunchScreen.storyboard in Resources */ = {isa = PBXBuildFile; fileRef = C722F4E220196EDF00F080AA /* LaunchScreen.storyboard */; };
		C722F4EF20196EDF00F080AA /* CafeTrackerTests.swift in Sources */ = {isa = PBXBuildFile; fileRef = C722F4EE20196EDF00F080AA /* CafeTrackerTests.swift */; };
		C7984D7320293803004E12F2 /* CoffeeTableViewCell.swift in Sources */ = {isa = PBXBuildFile; fileRef = C7984D7220293803004E12F2 /* CoffeeTableViewCell.swift */; };
		C7984D7520293C70004E12F2 /* CoffeeTableViewController.swift in Sources */ = {isa = PBXBuildFile; fileRef = C7984D7420293C70004E12F2 /* CoffeeTableViewController.swift */; };
		C7984D772029473D004E12F2 /* Assets.xcassets in Resources */ = {isa = PBXBuildFile; fileRef = C7984D762029473C004E12F2 /* Assets.xcassets */; };
		C7A1016320260949006B0FBB /* RatingControl.swift in Sources */ = {isa = PBXBuildFile; fileRef = C7A1016220260949006B0FBB /* RatingControl.swift */; };
		C7E1BEC72027BAC1000D0460 /* Coffee.swift in Sources */ = {isa = PBXBuildFile; fileRef = C7E1BEC62027BAC1000D0460 /* Coffee.swift */; };
/* End PBXBuildFile section */

/* Begin PBXContainerItemProxy section */
		C722F4EB20196EDF00F080AA /* PBXContainerItemProxy */ = {
			isa = PBXContainerItemProxy;
			containerPortal = C722F4CE20196EDF00F080AA /* Project object */;
			proxyType = 1;
			remoteGlobalIDString = C722F4D520196EDF00F080AA;
			remoteInfo = CafeTracker;
		};
/* End PBXContainerItemProxy section */

/* Begin PBXFileReference section */
		C722F4D620196EDF00F080AA /* CafeTracker.app */ = {isa = PBXFileReference; explicitFileType = wrapper.application; includeInIndex = 0; path = CafeTracker.app; sourceTree = BUILT_PRODUCTS_DIR; };
		C722F4D920196EDF00F080AA /* AppDelegate.swift */ = {isa = PBXFileReference; lastKnownFileType = sourcecode.swift; path = AppDelegate.swift; sourceTree = "<group>"; };
		C722F4DB20196EDF00F080AA /* ViewController.swift */ = {isa = PBXFileReference; lastKnownFileType = sourcecode.swift; path = ViewController.swift; sourceTree = "<group>"; };
		C722F4DE20196EDF00F080AA /* Base */ = {isa = PBXFileReference; lastKnownFileType = file.storyboard; name = Base; path = Base.lproj/Main.storyboard; sourceTree = "<group>"; };
		C722F4E320196EDF00F080AA /* Base */ = {isa = PBXFileReference; lastKnownFileType = file.storyboard; name = Base; path = Base.lproj/LaunchScreen.storyboard; sourceTree = "<group>"; };
		C722F4E520196EDF00F080AA /* Info.plist */ = {isa = PBXFileReference; lastKnownFileType = text.plist.xml; path = Info.plist; sourceTree = "<group>"; };
		C722F4EA20196EDF00F080AA /* CafeTrackerTests.xctest */ = {isa = PBXFileReference; explicitFileType = wrapper.cfbundle; includeInIndex = 0; path = CafeTrackerTests.xctest; sourceTree = BUILT_PRODUCTS_DIR; };
		C722F4EE20196EDF00F080AA /* CafeTrackerTests.swift */ = {isa = PBXFileReference; lastKnownFileType = sourcecode.swift; path = CafeTrackerTests.swift; sourceTree = "<group>"; };
		C722F4F020196EDF00F080AA /* Info.plist */ = {isa = PBXFileReference; lastKnownFileType = text.plist.xml; path = Info.plist; sourceTree = "<group>"; };
		C7984D7220293803004E12F2 /* CoffeeTableViewCell.swift */ = {isa = PBXFileReference; lastKnownFileType = sourcecode.swift; path = CoffeeTableViewCell.swift; sourceTree = "<group>"; };
		C7984D7420293C70004E12F2 /* CoffeeTableViewController.swift */ = {isa = PBXFileReference; lastKnownFileType = sourcecode.swift; path = CoffeeTableViewController.swift; sourceTree = "<group>"; };
		C7984D762029473C004E12F2 /* Assets.xcassets */ = {isa = PBXFileReference; lastKnownFileType = folder.assetcatalog; path = Assets.xcassets; sourceTree = "<group>"; };
		C7A1016220260949006B0FBB /* RatingControl.swift */ = {isa = PBXFileReference; lastKnownFileType = sourcecode.swift; path = RatingControl.swift; sourceTree = "<group>"; };
		C7E1BEC62027BAC1000D0460 /* Coffee.swift */ = {isa = PBXFileReference; lastKnownFileType = sourcecode.swift; path = Coffee.swift; sourceTree = "<group>"; };
/* End PBXFileReference section */

/* Begin PBXFrameworksBuildPhase section */
		C722F4D320196EDF00F080AA /* Frameworks */ = {
			isa = PBXFrameworksBuildPhase;
			buildActionMask = 2147483647;
			files = (
			);
			runOnlyForDeploymentPostprocessing = 0;
		};
		C722F4E720196EDF00F080AA /* Frameworks */ = {
			isa = PBXFrameworksBuildPhase;
			buildActionMask = 2147483647;
			files = (
			);
			runOnlyForDeploymentPostprocessing = 0;
		};
/* End PBXFrameworksBuildPhase section */

/* Begin PBXGroup section */
		C722F4CD20196EDF00F080AA = {
			isa = PBXGroup;
			children = (
				C722F4D820196EDF00F080AA /* CafeTracker */,
				C722F4ED20196EDF00F080AA /* CafeTrackerTests */,
				C722F4D720196EDF00F080AA /* Products */,
			);
			sourceTree = "<group>";
		};
		C722F4D720196EDF00F080AA /* Products */ = {
			isa = PBXGroup;
			children = (
				C722F4D620196EDF00F080AA /* CafeTracker.app */,
				C722F4EA20196EDF00F080AA /* CafeTrackerTests.xctest */,
			);
			name = Products;
			sourceTree = "<group>";
		};
		C722F4D820196EDF00F080AA /* CafeTracker */ = {
			isa = PBXGroup;
			children = (
				C722F4D920196EDF00F080AA /* AppDelegate.swift */,
				C722F4DB20196EDF00F080AA /* ViewController.swift */,
				C7A1016220260949006B0FBB /* RatingControl.swift */,
				C7E1BEC62027BAC1000D0460 /* Coffee.swift */,
				C7984D7220293803004E12F2 /* CoffeeTableViewCell.swift */,
				C7984D7420293C70004E12F2 /* CoffeeTableViewController.swift */,
				C722F4DD20196EDF00F080AA /* Main.storyboard */,
				C7984D762029473C004E12F2 /* Assets.xcassets */,
				C722F4E220196EDF00F080AA /* LaunchScreen.storyboard */,
				C722F4E520196EDF00F080AA /* Info.plist */,
			);
			path = CafeTracker;
			sourceTree = "<group>";
		};
		C722F4ED20196EDF00F080AA /* CafeTrackerTests */ = {
			isa = PBXGroup;
			children = (
				C722F4EE20196EDF00F080AA /* CafeTrackerTests.swift */,
				C722F4F020196EDF00F080AA /* Info.plist */,
			);
			path = CafeTrackerTests;
			sourceTree = "<group>";
		};
/* End PBXGroup section */

/* Begin PBXNativeTarget section */
		C722F4D520196EDF00F080AA /* CafeTracker */ = {
			isa = PBXNativeTarget;
			buildConfigurationList = C722F4F320196EDF00F080AA /* Build configuration list for PBXNativeTarget "CafeTracker" */;
			buildPhases = (
				C722F4D220196EDF00F080AA /* Sources */,
				C722F4D320196EDF00F080AA /* Frameworks */,
				C722F4D420196EDF00F080AA /* Resources */,
			);
			buildRules = (
			);
			dependencies = (
			);
			name = CafeTracker;
			productName = CafeTracker;
			productReference = C722F4D620196EDF00F080AA /* CafeTracker.app */;
			productType = "com.apple.product-type.application";
		};
		C722F4E920196EDF00F080AA /* CafeTrackerTests */ = {
			isa = PBXNativeTarget;
			buildConfigurationList = C722F4F620196EDF00F080AA /* Build configuration list for PBXNativeTarget "CafeTrackerTests" */;
			buildPhases = (
				C722F4E620196EDF00F080AA /* Sources */,
				C722F4E720196EDF00F080AA /* Frameworks */,
				C722F4E820196EDF00F080AA /* Resources */,
			);
			buildRules = (
			);
			dependencies = (
				C722F4EC20196EDF00F080AA /* PBXTargetDependency */,
			);
			name = CafeTrackerTests;
			productName = CafeTrackerTests;
			productReference = C722F4EA20196EDF00F080AA /* CafeTrackerTests.xctest */;
			productType = "com.apple.product-type.bundle.unit-test";
		};
/* End PBXNativeTarget section */

/* Begin PBXProject section */
		C722F4CE20196EDF00F080AA /* Project object */ = {
			isa = PBXProject;
			attributes = {
				LastSwiftUpdateCheck = 0920;
				LastUpgradeCheck = 0920;
				ORGANIZATIONNAME = "Vitor Capretz";
				TargetAttributes = {
					C722F4D520196EDF00F080AA = {
						CreatedOnToolsVersion = 9.2;
						ProvisioningStyle = Automatic;
					};
					C722F4E920196EDF00F080AA = {
						CreatedOnToolsVersion = 9.2;
						ProvisioningStyle = Automatic;
						TestTargetID = C722F4D520196EDF00F080AA;
					};
				};
			};
			buildConfigurationList = C722F4D120196EDF00F080AA /* Build configuration list for PBXProject "CafeTracker" */;
			compatibilityVersion = "Xcode 8.0";
			developmentRegion = en;
			hasScannedForEncodings = 0;
			knownRegions = (
				en,
				Base,
			);
			mainGroup = C722F4CD20196EDF00F080AA;
			productRefGroup = C722F4D720196EDF00F080AA /* Products */;
			projectDirPath = "";
			projectRoot = "";
			targets = (
				C722F4D520196EDF00F080AA /* CafeTracker */,
				C722F4E920196EDF00F080AA /* CafeTrackerTests */,
			);
		};
/* End PBXProject section */

/* Begin PBXResourcesBuildPhase section */
		C722F4D420196EDF00F080AA /* Resources */ = {
			isa = PBXResourcesBuildPhase;
			buildActionMask = 2147483647;
			files = (
				C722F4E420196EDF00F080AA /* LaunchScreen.storyboard in Resources */,
				C7984D772029473D004E12F2 /* Assets.xcassets in Resources */,
				C722F4DF20196EDF00F080AA /* Main.storyboard in Resources */,
			);
			runOnlyForDeploymentPostprocessing = 0;
		};
		C722F4E820196EDF00F080AA /* Resources */ = {
			isa = PBXResourcesBuildPhase;
			buildActionMask = 2147483647;
			files = (
			);
			runOnlyForDeploymentPostprocessing = 0;
		};
/* End PBXResourcesBuildPhase section */

/* Begin PBXSourcesBuildPhase section */
		C722F4D220196EDF00F080AA /* Sources */ = {
			isa = PBXSourcesBuildPhase;
			buildActionMask = 2147483647;
			files = (
				C722F4DC20196EDF00F080AA /* ViewController.swift in Sources */,
				C7A1016320260949006B0FBB /* RatingControl.swift in Sources */,
				C7984D7320293803004E12F2 /* CoffeeTableViewCell.swift in Sources */,
				C7984D7520293C70004E12F2 /* CoffeeTableViewController.swift in Sources */,
				C722F4DA20196EDF00F080AA /* AppDelegate.swift in Sources */,
				C7E1BEC72027BAC1000D0460 /* Coffee.swift in Sources */,
			);
			runOnlyForDeploymentPostprocessing = 0;
		};
		C722F4E620196EDF00F080AA /* Sources */ = {
			isa = PBXSourcesBuildPhase;
			buildActionMask = 2147483647;
			files = (
				C722F4EF20196EDF00F080AA /* CafeTrackerTests.swift in Sources */,
			);
			runOnlyForDeploymentPostprocessing = 0;
		};
/* End PBXSourcesBuildPhase section */

/* Begin PBXTargetDependency section */
		C722F4EC20196EDF00F080AA /* PBXTargetDependency */ = {
			isa = PBXTargetDependency;
			target = C722F4D520196EDF00F080AA /* CafeTracker */;
			targetProxy = C722F4EB20196EDF00F080AA /* PBXContainerItemProxy */;
		};
/* End PBXTargetDependency section */

/* Begin PBXVariantGroup section */
		C722F4DD20196EDF00F080AA /* Main.storyboard */ = {
			isa = PBXVariantGroup;
			children = (
				C722F4DE20196EDF00F080AA /* Base */,
			);
			name = Main.storyboard;
			sourceTree = "<group>";
		};
		C722F4E220196EDF00F080AA /* LaunchScreen.storyboard */ = {
			isa = PBXVariantGroup;
			children = (
				C722F4E320196EDF00F080AA /* Base */,
			);
			name = LaunchScreen.storyboard;
			sourceTree = "<group>";
		};
/* End PBXVariantGroup section */

/* Begin XCBuildConfiguration section */
		C722F4F120196EDF00F080AA /* Debug */ = {
			isa = XCBuildConfiguration;
			buildSettings = {
				ALWAYS_SEARCH_USER_PATHS = NO;
				CLANG_ANALYZER_NONNULL = YES;
				CLANG_ANALYZER_NUMBER_OBJECT_CONVERSION = YES_AGGRESSIVE;
				CLANG_CXX_LANGUAGE_STANDARD = "gnu++14";
				CLANG_CXX_LIBRARY = "libc++";
				CLANG_ENABLE_MODULES = YES;
				CLANG_ENABLE_OBJC_ARC = YES;
				CLANG_WARN_BLOCK_CAPTURE_AUTORELEASING = YES;
				CLANG_WARN_BOOL_CONVERSION = YES;
				CLANG_WARN_COMMA = YES;
				CLANG_WARN_CONSTANT_CONVERSION = YES;
				CLANG_WARN_DIRECT_OBJC_ISA_USAGE = YES_ERROR;
				CLANG_WARN_DOCUMENTATION_COMMENTS = YES;
				CLANG_WARN_EMPTY_BODY = YES;
				CLANG_WARN_ENUM_CONVERSION = YES;
				CLANG_WARN_INFINITE_RECURSION = YES;
				CLANG_WARN_INT_CONVERSION = YES;
				CLANG_WARN_NON_LITERAL_NULL_CONVERSION = YES;
				CLANG_WARN_OBJC_LITERAL_CONVERSION = YES;
				CLANG_WARN_OBJC_ROOT_CLASS = YES_ERROR;
				CLANG_WARN_RANGE_LOOP_ANALYSIS = YES;
				CLANG_WARN_STRICT_PROTOTYPES = YES;
				CLANG_WARN_SUSPICIOUS_MOVE = YES;
				CLANG_WARN_UNGUARDED_AVAILABILITY = YES_AGGRESSIVE;
				CLANG_WARN_UNREACHABLE_CODE = YES;
				CLANG_WARN__DUPLICATE_METHOD_MATCH = YES;
				CODE_SIGN_IDENTITY = "iPhone Developer";
				COPY_PHASE_STRIP = NO;
				DEBUG_INFORMATION_FORMAT = dwarf;
				ENABLE_STRICT_OBJC_MSGSEND = YES;
				ENABLE_TESTABILITY = YES;
				GCC_C_LANGUAGE_STANDARD = gnu11;
				GCC_DYNAMIC_NO_PIC = NO;
				GCC_NO_COMMON_BLOCKS = YES;
				GCC_OPTIMIZATION_LEVEL = 0;
				GCC_PREPROCESSOR_DEFINITIONS = (
					"DEBUG=1",
					"$(inherited)",
				);
				GCC_WARN_64_TO_32_BIT_CONVERSION = YES;
				GCC_WARN_ABOUT_RETURN_TYPE = YES_ERROR;
				GCC_WARN_UNDECLARED_SELECTOR = YES;
				GCC_WARN_UNINITIALIZED_AUTOS = YES_AGGRESSIVE;
				GCC_WARN_UNUSED_FUNCTION = YES;
				GCC_WARN_UNUSED_VARIABLE = YES;
				IPHONEOS_DEPLOYMENT_TARGET = 11.2;
				MTL_ENABLE_DEBUG_INFO = YES;
				ONLY_ACTIVE_ARCH = YES;
				SDKROOT = iphoneos;
				SWIFT_ACTIVE_COMPILATION_CONDITIONS = DEBUG;
				SWIFT_OPTIMIZATION_LEVEL = "-Onone";
			};
			name = Debug;
		};
		C722F4F220196EDF00F080AA /* Release */ = {
			isa = XCBuildConfiguration;
			buildSettings = {
				ALWAYS_SEARCH_USER_PATHS = NO;
				CLANG_ANALYZER_NONNULL = YES;
				CLANG_ANALYZER_NUMBER_OBJECT_CONVERSION = YES_AGGRESSIVE;
				CLANG_CXX_LANGUAGE_STANDARD = "gnu++14";
				CLANG_CXX_LIBRARY = "libc++";
				CLANG_ENABLE_MODULES = YES;
				CLANG_ENABLE_OBJC_ARC = YES;
				CLANG_WARN_BLOCK_CAPTURE_AUTORELEASING = YES;
				CLANG_WARN_BOOL_CONVERSION = YES;
				CLANG_WARN_COMMA = YES;
				CLANG_WARN_CONSTANT_CONVERSION = YES;
				CLANG_WARN_DIRECT_OBJC_ISA_USAGE = YES_ERROR;
				CLANG_WARN_DOCUMENTATION_COMMENTS = YES;
				CLANG_WARN_EMPTY_BODY = YES;
				CLANG_WARN_ENUM_CONVERSION = YES;
				CLANG_WARN_INFINITE_RECURSION = YES;
				CLANG_WARN_INT_CONVERSION = YES;
				CLANG_WARN_NON_LITERAL_NULL_CONVERSION = YES;
				CLANG_WARN_OBJC_LITERAL_CONVERSION = YES;
				CLANG_WARN_OBJC_ROOT_CLASS = YES_ERROR;
				CLANG_WARN_RANGE_LOOP_ANALYSIS = YES;
				CLANG_WARN_STRICT_PROTOTYPES = YES;
				CLANG_WARN_SUSPICIOUS_MOVE = YES;
				CLANG_WARN_UNGUARDED_AVAILABILITY = YES_AGGRESSIVE;
				CLANG_WARN_UNREACHABLE_CODE = YES;
				CLANG_WARN__DUPLICATE_METHOD_MATCH = YES;
				CODE_SIGN_IDENTITY = "iPhone Developer";
				COPY_PHASE_STRIP = NO;
				DEBUG_INFORMATION_FORMAT = "dwarf-with-dsym";
				ENABLE_NS_ASSERTIONS = NO;
				ENABLE_STRICT_OBJC_MSGSEND = YES;
				GCC_C_LANGUAGE_STANDARD = gnu11;
				GCC_NO_COMMON_BLOCKS = YES;
				GCC_WARN_64_TO_32_BIT_CONVERSION = YES;
				GCC_WARN_ABOUT_RETURN_TYPE = YES_ERROR;
				GCC_WARN_UNDECLARED_SELECTOR = YES;
				GCC_WARN_UNINITIALIZED_AUTOS = YES_AGGRESSIVE;
				GCC_WARN_UNUSED_FUNCTION = YES;
				GCC_WARN_UNUSED_VARIABLE = YES;
				IPHONEOS_DEPLOYMENT_TARGET = 11.2;
				MTL_ENABLE_DEBUG_INFO = NO;
				SDKROOT = iphoneos;
				SWIFT_OPTIMIZATION_LEVEL = "-Owholemodule";
				VALIDATE_PRODUCT = YES;
			};
			name = Release;
		};
		C722F4F420196EDF00F080AA /* Debug */ = {
			isa = XCBuildConfiguration;
			buildSettings = {
				ASSETCATALOG_COMPILER_APPICON_NAME = AppIcon;
				CODE_SIGN_STYLE = Automatic;
				DEVELOPMENT_TEAM = JZXFRUSM49;
				INFOPLIST_FILE = CafeTracker/Info.plist;
				LD_RUNPATH_SEARCH_PATHS = "$(inherited) @executable_path/Frameworks";
				PRODUCT_BUNDLE_IDENTIFIER = com.cafretz.CafeTracker;
				PRODUCT_NAME = "$(TARGET_NAME)";
				SWIFT_VERSION = 4.0;
				TARGETED_DEVICE_FAMILY = "1,2";
			};
			name = Debug;
		};
		C722F4F520196EDF00F080AA /* Release */ = {
			isa = XCBuildConfiguration;
			buildSettings = {
				ASSETCATALOG_COMPILER_APPICON_NAME = AppIcon;
				CODE_SIGN_STYLE = Automatic;
				DEVELOPMENT_TEAM = JZXFRUSM49;
				INFOPLIST_FILE = CafeTracker/Info.plist;
				LD_RUNPATH_SEARCH_PATHS = "$(inherited) @executable_path/Frameworks";
				PRODUCT_BUNDLE_IDENTIFIER = com.cafretz.CafeTracker;
				PRODUCT_NAME = "$(TARGET_NAME)";
				SWIFT_VERSION = 4.0;
				TARGETED_DEVICE_FAMILY = "1,2";
			};
			name = Release;
		};
		C722F4F720196EDF00F080AA /* Debug */ = {
			isa = XCBuildConfiguration;
			buildSettings = {
				ALWAYS_EMBED_SWIFT_STANDARD_LIBRARIES = YES;
				BUNDLE_LOADER = "$(TEST_HOST)";
				CODE_SIGN_STYLE = Automatic;
				INFOPLIST_FILE = CafeTrackerTests/Info.plist;
				LD_RUNPATH_SEARCH_PATHS = "$(inherited) @executable_path/Frameworks @loader_path/Frameworks";
				PRODUCT_BUNDLE_IDENTIFIER = com.cafretz.CafeTrackerTests;
				PRODUCT_NAME = "$(TARGET_NAME)";
				SWIFT_VERSION = 4.0;
				TARGETED_DEVICE_FAMILY = "1,2";
				TEST_HOST = "$(BUILT_PRODUCTS_DIR)/CafeTracker.app/CafeTracker";
			};
			name = Debug;
		};
		C722F4F820196EDF00F080AA /* Release */ = {
			isa = XCBuildConfiguration;
			buildSettings = {
				ALWAYS_EMBED_SWIFT_STANDARD_LIBRARIES = YES;
				BUNDLE_LOADER = "$(TEST_HOST)";
				CODE_SIGN_STYLE = Automatic;
				INFOPLIST_FILE = CafeTrackerTests/Info.plist;
				LD_RUNPATH_SEARCH_PATHS = "$(inherited) @executable_path/Frameworks @loader_path/Frameworks";
				PRODUCT_BUNDLE_IDENTIFIER = com.cafretz.CafeTrackerTests;
				PRODUCT_NAME = "$(TARGET_NAME)";
				SWIFT_VERSION = 4.0;
				TARGETED_DEVICE_FAMILY = "1,2";
				TEST_HOST = "$(BUILT_PRODUCTS_DIR)/CafeTracker.app/CafeTracker";
			};
			name = Release;
		};
/* End XCBuildConfiguration section */

/* Begin XCConfigurationList section */
		C722F4D120196EDF00F080AA /* Build configuration list for PBXProject "CafeTracker" */ = {
			isa = XCConfigurationList;
			buildConfigurations = (
				C722F4F120196EDF00F080AA /* Debug */,
				C722F4F220196EDF00F080AA /* Release */,
			);
			defaultConfigurationIsVisible = 0;
			defaultConfigurationName = Release;
		};
		C722F4F320196EDF00F080AA /* Build configuration list for PBXNativeTarget "CafeTracker" */ = {
			isa = XCConfigurationList;
			buildConfigurations = (
				C722F4F420196EDF00F080AA /* Debug */,
				C722F4F520196EDF00F080AA /* Release */,
			);
			defaultConfigurationIsVisible = 0;
			defaultConfigurationName = Release;
		};
		C722F4F620196EDF00F080AA /* Build configuration list for PBXNativeTarget "CafeTrackerTests" */ = {
			isa = XCConfigurationList;
			buildConfigurations = (
				C722F4F720196EDF00F080AA /* Debug */,
				C722F4F820196EDF00F080AA /* Release */,
			);
			defaultConfigurationIsVisible = 0;
			defaultConfigurationName = Release;
		};
/* End XCConfigurationList section */
	};
	rootObject = C722F4CE20196EDF00F080AA /* Project object */;
}
